
Microsoft Visual Studio Solution File, Format Version 12.00
# Visual Studio Version 17
VisualStudioVersion = 17.0.31903.59
MinimumVisualStudioVersion = 10.0.40219.1
Project("{2150E333-8FDC-42A3-9474-1A3956D46DE8}") = "src", "src", "{49FAE140-3829-4060-8347-A103C73F0227}"
EndProject
Project("{2150E333-8FDC-42A3-9474-1A3956D46DE8}") = "Services", "Services", "{C6939AD0-AD29-4405-AC83-812FB9760FFC}"
EndProject
Project("{FAE04EC0-301F-11D3-BF4B-00C04F79EFBC}") = "ALC.Authentication.API", "src\Services\ALC.Authentication.API\ALC.Authentication.API.csproj", "{B352ABEB-82F0-4EB7-9799-19B5E239DA3F}"
EndProject
Project("{2150E333-8FDC-42A3-9474-1A3956D46DE8}") = "tests", "tests", "{99CA1D15-4FD3-45B7-828B-9EBC08A3DB67}"
EndProject
Project("{FAE04EC0-301F-11D3-BF4B-00C04F79EFBC}") = "ALC.Authentication.API.Tests", "tests\ALC.Authentication.API.Tests\ALC.Authentication.API.Tests.csproj", "{5434FC9A-9B9F-40EA-A6A3-E8E07919824A}"
EndProject
Project("{FAE04EC0-301F-11D3-BF4B-00C04F79EFBC}") = "ALC.Catalog.API", "src\Services\ALC.Catalog.API\ALC.Catalog.API.csproj", "{C9B8FDEE-543B-4514-847E-DC938C9BB464}"
EndProject
Project("{2150E333-8FDC-42A3-9474-1A3956D46DE8}") = "BuildingBlocks", "BuildingBlocks", "{349736DA-5AC6-4796-B97D-7CD04E35E10B}"
EndProject
Project("{2150E333-8FDC-42A3-9474-1A3956D46DE8}") = "Core", "Core", "{01B0E021-8E6E-48E2-B5E5-7B6FDE63D4D8}"
EndProject
Project("{FAE04EC0-301F-11D3-BF4B-00C04F79EFBC}") = "ALC.Core", "src\BuildingBlocks\Core\ALC.Core\ALC.Core.csproj", "{A609F516-7AF8-4F1E-A701-9D55A5A8A695}"
EndProject
Project("{2150E333-8FDC-42A3-9474-1A3956D46DE8}") = "services", "services", "{3D64F5B5-8BB4-4195-91EE-9EDDA6D64713}"
EndProject
Project("{FAE04EC0-301F-11D3-BF4B-00C04F79EFBC}") = "ALC.WebAPI.Core", "src\BuildingBlocks\services\ALC.WebAPI.Core\ALC.WebAPI.Core.csproj", "{42D51754-8E46-4038-9FC9-E93C4AF08882}"
EndProject
Project("{2150E333-8FDC-42A3-9474-1A3956D46DE8}") = "WebApp", "WebApp", "{6DDC25C5-118C-4E09-A507-BBF5507045D5}"
EndProject
Project("{FAE04EC0-301F-11D3-BF4B-00C04F79EFBC}") = "ALC.WebApp.MVC", "src\WebApp\ALC.WebApp.MVC\ALC.WebApp.MVC.csproj", "{FF0E315D-1E6D-45C1-97A6-30A0F9985098}"
EndProject
Project("{FAE04EC0-301F-11D3-BF4B-00C04F79EFBC}") = "ALC.Client.API", "src\Services\ALC.Client.API\ALC.Client.API.csproj", "{0D2A947C-C5E6-4B5B-AD52-1CC3EDED387D}"
EndProject
Global
	GlobalSection(SolutionConfigurationPlatforms) = preSolution
		Debug|Any CPU = Debug|Any CPU
		Release|Any CPU = Release|Any CPU
	EndGlobalSection
	GlobalSection(ProjectConfigurationPlatforms) = postSolution
		{B352ABEB-82F0-4EB7-9799-19B5E239DA3F}.Debug|Any CPU.ActiveCfg = Debug|Any CPU
		{B352ABEB-82F0-4EB7-9799-19B5E239DA3F}.Debug|Any CPU.Build.0 = Debug|Any CPU
		{B352ABEB-82F0-4EB7-9799-19B5E239DA3F}.Release|Any CPU.ActiveCfg = Release|Any CPU
		{B352ABEB-82F0-4EB7-9799-19B5E239DA3F}.Release|Any CPU.Build.0 = Release|Any CPU
		{5434FC9A-9B9F-40EA-A6A3-E8E07919824A}.Debug|Any CPU.ActiveCfg = Debug|Any CPU
		{5434FC9A-9B9F-40EA-A6A3-E8E07919824A}.Debug|Any CPU.Build.0 = Debug|Any CPU
		{5434FC9A-9B9F-40EA-A6A3-E8E07919824A}.Release|Any CPU.ActiveCfg = Release|Any CPU
		{5434FC9A-9B9F-40EA-A6A3-E8E07919824A}.Release|Any CPU.Build.0 = Release|Any CPU
		{C9B8FDEE-543B-4514-847E-DC938C9BB464}.Debug|Any CPU.ActiveCfg = Debug|Any CPU
		{C9B8FDEE-543B-4514-847E-DC938C9BB464}.Debug|Any CPU.Build.0 = Debug|Any CPU
		{C9B8FDEE-543B-4514-847E-DC938C9BB464}.Release|Any CPU.ActiveCfg = Release|Any CPU
		{C9B8FDEE-543B-4514-847E-DC938C9BB464}.Release|Any CPU.Build.0 = Release|Any CPU
		{A609F516-7AF8-4F1E-A701-9D55A5A8A695}.Debug|Any CPU.ActiveCfg = Debug|Any CPU
		{A609F516-7AF8-4F1E-A701-9D55A5A8A695}.Debug|Any CPU.Build.0 = Debug|Any CPU
		{A609F516-7AF8-4F1E-A701-9D55A5A8A695}.Release|Any CPU.ActiveCfg = Release|Any CPU
		{A609F516-7AF8-4F1E-A701-9D55A5A8A695}.Release|Any CPU.Build.0 = Release|Any CPU
		{42D51754-8E46-4038-9FC9-E93C4AF08882}.Debug|Any CPU.ActiveCfg = Debug|Any CPU
		{42D51754-8E46-4038-9FC9-E93C4AF08882}.Debug|Any CPU.Build.0 = Debug|Any CPU
		{42D51754-8E46-4038-9FC9-E93C4AF08882}.Release|Any CPU.ActiveCfg = Release|Any CPU
		{42D51754-8E46-4038-9FC9-E93C4AF08882}.Release|Any CPU.Build.0 = Release|Any CPU
		{FF0E315D-1E6D-45C1-97A6-30A0F9985098}.Debug|Any CPU.ActiveCfg = Debug|Any CPU
		{FF0E315D-1E6D-45C1-97A6-30A0F9985098}.Debug|Any CPU.Build.0 = Debug|Any CPU
		{FF0E315D-1E6D-45C1-97A6-30A0F9985098}.Release|Any CPU.ActiveCfg = Release|Any CPU
		{FF0E315D-1E6D-45C1-97A6-30A0F9985098}.Release|Any CPU.Build.0 = Release|Any CPU
		{0D2A947C-C5E6-4B5B-AD52-1CC3EDED387D}.Debug|Any CPU.ActiveCfg = Debug|Any CPU
		{0D2A947C-C5E6-4B5B-AD52-1CC3EDED387D}.Debug|Any CPU.Build.0 = Debug|Any CPU
		{0D2A947C-C5E6-4B5B-AD52-1CC3EDED387D}.Release|Any CPU.ActiveCfg = Release|Any CPU
		{0D2A947C-C5E6-4B5B-AD52-1CC3EDED387D}.Release|Any CPU.Build.0 = Release|Any CPU
	EndGlobalSection
	GlobalSection(SolutionProperties) = preSolution
		HideSolutionNode = FALSE
	EndGlobalSection
	GlobalSection(NestedProjects) = preSolution
		{C6939AD0-AD29-4405-AC83-812FB9760FFC} = {49FAE140-3829-4060-8347-A103C73F0227}
		{B352ABEB-82F0-4EB7-9799-19B5E239DA3F} = {C6939AD0-AD29-4405-AC83-812FB9760FFC}
		{5434FC9A-9B9F-40EA-A6A3-E8E07919824A} = {99CA1D15-4FD3-45B7-828B-9EBC08A3DB67}
		{C9B8FDEE-543B-4514-847E-DC938C9BB464} = {C6939AD0-AD29-4405-AC83-812FB9760FFC}
		{349736DA-5AC6-4796-B97D-7CD04E35E10B} = {49FAE140-3829-4060-8347-A103C73F0227}
		{01B0E021-8E6E-48E2-B5E5-7B6FDE63D4D8} = {349736DA-5AC6-4796-B97D-7CD04E35E10B}
		{A609F516-7AF8-4F1E-A701-9D55A5A8A695} = {01B0E021-8E6E-48E2-B5E5-7B6FDE63D4D8}
		{3D64F5B5-8BB4-4195-91EE-9EDDA6D64713} = {349736DA-5AC6-4796-B97D-7CD04E35E10B}
		{42D51754-8E46-4038-9FC9-E93C4AF08882} = {3D64F5B5-8BB4-4195-91EE-9EDDA6D64713}
		{6DDC25C5-118C-4E09-A507-BBF5507045D5} = {49FAE140-3829-4060-8347-A103C73F0227}
		{FF0E315D-1E6D-45C1-97A6-30A0F9985098} = {6DDC25C5-118C-4E09-A507-BBF5507045D5}
		{0D2A947C-C5E6-4B5B-AD52-1CC3EDED387D} = {C6939AD0-AD29-4405-AC83-812FB9760FFC}
	EndGlobalSection
EndGlobal
